
Microsoft Visual Studio Solution File, Format Version 12.00
# Visual Studio Version 16
VisualStudioVersion = 16.0.29326.143
MinimumVisualStudioVersion = 10.0.40219.1
Project("{FAE04EC0-301F-11D3-BF4B-00C04F79EFBC}") = "GrpcServiceExample", "GrpcServiceExample\GrpcServiceExample.csproj", "{77F76626-45F8-4E02-AB5C-D6A8729614B7}"
EndProject
Project("{FAE04EC0-301F-11D3-BF4B-00C04F79EFBC}") = "GrpcClientExample", "GrpcClientExample\GrpcClientExample.csproj", "{56F9C264-F91F-49B1-91A9-83DE6DB116B2}"
EndProject
Global
	GlobalSection(SolutionConfigurationPlatforms) = preSolution
		Debug|Any CPU = Debug|Any CPU
		Release|Any CPU = Release|Any CPU
	EndGlobalSection
	GlobalSection(ProjectConfigurationPlatforms) = postSolution
		{77F76626-45F8-4E02-AB5C-D6A8729614B7}.Debug|Any CPU.ActiveCfg = Debug|Any CPU
		{77F76626-45F8-4E02-AB5C-D6A8729614B7}.Debug|Any CPU.Build.0 = Debug|Any CPU
		{77F76626-45F8-4E02-AB5C-D6A8729614B7}.Release|Any CPU.ActiveCfg = Release|Any CPU
		{77F76626-45F8-4E02-AB5C-D6A8729614B7}.Release|Any CPU.Build.0 = Release|Any CPU
		{56F9C264-F91F-49B1-91A9-83DE6DB116B2}.Debug|Any CPU.ActiveCfg = Debug|Any CPU
		{56F9C264-F91F-49B1-91A9-83DE6DB116B2}.Debug|Any CPU.Build.0 = Debug|Any CPU
		{56F9C264-F91F-49B1-91A9-83DE6DB116B2}.Release|Any CPU.ActiveCfg = Release|Any CPU
		{56F9C264-F91F-49B1-91A9-83DE6DB116B2}.Release|Any CPU.Build.0 = Release|Any CPU
	EndGlobalSection
	GlobalSection(SolutionProperties) = preSolution
		HideSolutionNode = FALSE
	EndGlobalSection
	GlobalSection(ExtensibilityGlobals) = postSolution
		SolutionGuid = {045A5B6A-AC6E-4CCE-AD8F-DCA3765A6749}
	EndGlobalSection
EndGlobal
